
Microsoft Visual Studio Solution File, Format Version 12.00
# Visual Studio Version 16
VisualStudioVersion = 16.0.34114.132
MinimumVisualStudioVersion = 10.0.40219.1
Project("{FAE04EC0-301F-11D3-BF4B-00C04F79EFBC}") = "Consumer", "Consumer\Consumer.csproj", "{9E3810FD-725B-4CAD-9B3F-52615DD2E704}"
EndProject
Project("{FAE04EC0-301F-11D3-BF4B-00C04F79EFBC}") = "ConsumerBC", "ConsumerBC\ConsumerBC.csproj", "{1DCE94E7-3700-4814-9BD5-266424DF4F4E}"
EndProject
Project("{FAE04EC0-301F-11D3-BF4B-00C04F79EFBC}") = "ConsumerDA", "ConsumerDA\ConsumerDA.csproj", "{88944B11-99AB-4FFE-8D17-F5A50B8632B4}"
EndProject
Project("{FAE04EC0-301F-11D3-BF4B-00C04F79EFBC}") = "ConsumerEntities", "ConsumerEntities\ConsumerEntities.csproj", "{715EA3C8-7EE1-4DB5-A332-6D571FE56A76}"
EndProject
Project("{2150E333-8FDC-42A3-9474-1A3956D46DE8}") = "Solution Items", "Solution Items", "{BCF7B41B-E1D8-4CA1-AAB5-1B2DFE468C88}"
EndProject
Global
	GlobalSection(SolutionConfigurationPlatforms) = preSolution
		Debug|Any CPU = Debug|Any CPU
		Release|Any CPU = Release|Any CPU
	EndGlobalSection
	GlobalSection(ProjectConfigurationPlatforms) = postSolution
		{9E3810FD-725B-4CAD-9B3F-52615DD2E704}.Debug|Any CPU.ActiveCfg = Debug|Any CPU
		{9E3810FD-725B-4CAD-9B3F-52615DD2E704}.Debug|Any CPU.Build.0 = Debug|Any CPU
		{9E3810FD-725B-4CAD-9B3F-52615DD2E704}.Release|Any CPU.ActiveCfg = Release|Any CPU
		{9E3810FD-725B-4CAD-9B3F-52615DD2E704}.Release|Any CPU.Build.0 = Release|Any CPU
		{1DCE94E7-3700-4814-9BD5-266424DF4F4E}.Debug|Any CPU.ActiveCfg = Debug|Any CPU
		{1DCE94E7-3700-4814-9BD5-266424DF4F4E}.Debug|Any CPU.Build.0 = Debug|Any CPU
		{1DCE94E7-3700-4814-9BD5-266424DF4F4E}.Release|Any CPU.ActiveCfg = Release|Any CPU
		{1DCE94E7-3700-4814-9BD5-266424DF4F4E}.Release|Any CPU.Build.0 = Release|Any CPU
		{88944B11-99AB-4FFE-8D17-F5A50B8632B4}.Debug|Any CPU.ActiveCfg = Debug|Any CPU
		{88944B11-99AB-4FFE-8D17-F5A50B8632B4}.Debug|Any CPU.Build.0 = Debug|Any CPU
		{88944B11-99AB-4FFE-8D17-F5A50B8632B4}.Release|Any CPU.ActiveCfg = Release|Any CPU
		{88944B11-99AB-4FFE-8D17-F5A50B8632B4}.Release|Any CPU.Build.0 = Release|Any CPU
		{715EA3C8-7EE1-4DB5-A332-6D571FE56A76}.Debug|Any CPU.ActiveCfg = Debug|Any CPU
		{715EA3C8-7EE1-4DB5-A332-6D571FE56A76}.Debug|Any CPU.Build.0 = Debug|Any CPU
		{715EA3C8-7EE1-4DB5-A332-6D571FE56A76}.Release|Any CPU.ActiveCfg = Release|Any CPU
		{715EA3C8-7EE1-4DB5-A332-6D571FE56A76}.Release|Any CPU.Build.0 = Release|Any CPU
	EndGlobalSection
	GlobalSection(SolutionProperties) = preSolution
		HideSolutionNode = FALSE
	EndGlobalSection
	GlobalSection(ExtensibilityGlobals) = postSolution
		SolutionGuid = {5B96CA0F-D6E0-4E0D-A246-2D1DC9B4989B}
	EndGlobalSection
EndGlobal
